
Microsoft Visual Studio Solution File, Format Version 12.00
# Visual Studio Version 16
VisualStudioVersion = 16.0.28917.182
MinimumVisualStudioVersion = 15.0.26124.0
Project("{2150E333-8FDC-42A3-9474-1A3956D46DE8}") = "src", "src", "{0C07B6A7-8D66-4A03-9A0F-17E0477B2AB6}"
EndProject
Project("{9A19103F-16F7-4668-BE54-9A1E7A4F7556}") = "NamedPipeEchoServer", "src\NamedPipeEchoServer\NamedPipeEchoServer.csproj", "{04E0B096-6813-4F17-BCF7-8D8110D466BC}"
EndProject
Project("{9A19103F-16F7-4668-BE54-9A1E7A4F7556}") = "NamedPipeClient", "src\NamedPipeClient\NamedPipeClient.csproj", "{B38C0D0C-462C-4C9E-B81B-84C3ED9E6BB6}"
EndProject
Global
	GlobalSection(SolutionConfigurationPlatforms) = preSolution
		Debug|Any CPU = Debug|Any CPU
		Debug|x64 = Debug|x64
		Debug|x86 = Debug|x86
		Release|Any CPU = Release|Any CPU
		Release|x64 = Release|x64
		Release|x86 = Release|x86
	EndGlobalSection
	GlobalSection(ProjectConfigurationPlatforms) = postSolution
		{04E0B096-6813-4F17-BCF7-8D8110D466BC}.Debug|Any CPU.ActiveCfg = Debug|Any CPU
		{04E0B096-6813-4F17-BCF7-8D8110D466BC}.Debug|Any CPU.Build.0 = Debug|Any CPU
		{04E0B096-6813-4F17-BCF7-8D8110D466BC}.Debug|x64.ActiveCfg = Debug|Any CPU
		{04E0B096-6813-4F17-BCF7-8D8110D466BC}.Debug|x64.Build.0 = Debug|Any CPU
		{04E0B096-6813-4F17-BCF7-8D8110D466BC}.Debug|x86.ActiveCfg = Debug|Any CPU
		{04E0B096-6813-4F17-BCF7-8D8110D466BC}.Debug|x86.Build.0 = Debug|Any CPU
		{04E0B096-6813-4F17-BCF7-8D8110D466BC}.Release|Any CPU.ActiveCfg = Release|Any CPU
		{04E0B096-6813-4F17-BCF7-8D8110D466BC}.Release|Any CPU.Build.0 = Release|Any CPU
		{04E0B096-6813-4F17-BCF7-8D8110D466BC}.Release|x64.ActiveCfg = Release|Any CPU
		{04E0B096-6813-4F17-BCF7-8D8110D466BC}.Release|x64.Build.0 = Release|Any CPU
		{04E0B096-6813-4F17-BCF7-8D8110D466BC}.Release|x86.ActiveCfg = Release|Any CPU
		{04E0B096-6813-4F17-BCF7-8D8110D466BC}.Release|x86.Build.0 = Release|Any CPU
		{B38C0D0C-462C-4C9E-B81B-84C3ED9E6BB6}.Debug|Any CPU.ActiveCfg = Debug|Any CPU
		{B38C0D0C-462C-4C9E-B81B-84C3ED9E6BB6}.Debug|Any CPU.Build.0 = Debug|Any CPU
		{B38C0D0C-462C-4C9E-B81B-84C3ED9E6BB6}.Debug|x64.ActiveCfg = Debug|Any CPU
		{B38C0D0C-462C-4C9E-B81B-84C3ED9E6BB6}.Debug|x64.Build.0 = Debug|Any CPU
		{B38C0D0C-462C-4C9E-B81B-84C3ED9E6BB6}.Debug|x86.ActiveCfg = Debug|Any CPU
		{B38C0D0C-462C-4C9E-B81B-84C3ED9E6BB6}.Debug|x86.Build.0 = Debug|Any CPU
		{B38C0D0C-462C-4C9E-B81B-84C3ED9E6BB6}.Release|Any CPU.ActiveCfg = Release|Any CPU
		{B38C0D0C-462C-4C9E-B81B-84C3ED9E6BB6}.Release|Any CPU.Build.0 = Release|Any CPU
		{B38C0D0C-462C-4C9E-B81B-84C3ED9E6BB6}.Release|x64.ActiveCfg = Release|Any CPU
		{B38C0D0C-462C-4C9E-B81B-84C3ED9E6BB6}.Release|x64.Build.0 = Release|Any CPU
		{B38C0D0C-462C-4C9E-B81B-84C3ED9E6BB6}.Release|x86.ActiveCfg = Release|Any CPU
		{B38C0D0C-462C-4C9E-B81B-84C3ED9E6BB6}.Release|x86.Build.0 = Release|Any CPU
	EndGlobalSection
	GlobalSection(SolutionProperties) = preSolution
		HideSolutionNode = FALSE
	EndGlobalSection
	GlobalSection(NestedProjects) = preSolution
		{04E0B096-6813-4F17-BCF7-8D8110D466BC} = {0C07B6A7-8D66-4A03-9A0F-17E0477B2AB6}
		{B38C0D0C-462C-4C9E-B81B-84C3ED9E6BB6} = {0C07B6A7-8D66-4A03-9A0F-17E0477B2AB6}
	EndGlobalSection
	GlobalSection(ExtensibilityGlobals) = postSolution
		SolutionGuid = {0F0693D7-7EE4-4AC0-A4A7-6974194772DB}
	EndGlobalSection
EndGlobal
